
Microsoft Visual Studio Solution File, Format Version 12.00
# Visual Studio Version 16
VisualStudioVersion = 16.0.31613.86
MinimumVisualStudioVersion = 10.0.40219.1
Project("{FAE04EC0-301F-11D3-BF4B-00C04F79EFBC}") = "DatabaseBuddy", "DatabaseBuddy\DatabaseBuddy.csproj", "{0933D0D2-0532-47D2-92E1-552806279EA3}"
EndProject
Project("{2150E333-8FDC-42A3-9474-1A3956D46DE8}") = "Solution Items", "Solution Items", "{57CEDDA3-2D33-4A12-95D5-040F68FC2597}"
EndProject
Project("{FAE04EC0-301F-11D3-BF4B-00C04F79EFBC}") = "DatabaseBuddy.Core", "DatabaseBuddy.Core\DatabaseBuddy.Core.csproj", "{352E1539-4734-4787-B0AE-3FABF4081126}"
EndProject
Project("{FAE04EC0-301F-11D3-BF4B-00C04F79EFBC}") = "DatabaseBuddy.CLI", "DatabaseBuddy.CLI\DatabaseBuddy.CLI.csproj", "{36D03ED2-7BEB-4E72-95F1-DFA939D38E8D}"
EndProject
Global
	GlobalSection(SolutionConfigurationPlatforms) = preSolution
		Debug|Any CPU = Debug|Any CPU
		Release|Any CPU = Release|Any CPU
	EndGlobalSection
	GlobalSection(ProjectConfigurationPlatforms) = postSolution
		{0933D0D2-0532-47D2-92E1-552806279EA3}.Debug|Any CPU.ActiveCfg = Debug|Any CPU
		{0933D0D2-0532-47D2-92E1-552806279EA3}.Debug|Any CPU.Build.0 = Debug|Any CPU
		{0933D0D2-0532-47D2-92E1-552806279EA3}.Release|Any CPU.ActiveCfg = Release|Any CPU
		{0933D0D2-0532-47D2-92E1-552806279EA3}.Release|Any CPU.Build.0 = Release|Any CPU
		{352E1539-4734-4787-B0AE-3FABF4081126}.Debug|Any CPU.ActiveCfg = Debug|Any CPU
		{352E1539-4734-4787-B0AE-3FABF4081126}.Debug|Any CPU.Build.0 = Debug|Any CPU
		{352E1539-4734-4787-B0AE-3FABF4081126}.Release|Any CPU.ActiveCfg = Release|Any CPU
		{352E1539-4734-4787-B0AE-3FABF4081126}.Release|Any CPU.Build.0 = Release|Any CPU
		{36D03ED2-7BEB-4E72-95F1-DFA939D38E8D}.Debug|Any CPU.ActiveCfg = Debug|Any CPU
		{36D03ED2-7BEB-4E72-95F1-DFA939D38E8D}.Debug|Any CPU.Build.0 = Debug|Any CPU
		{36D03ED2-7BEB-4E72-95F1-DFA939D38E8D}.Release|Any CPU.ActiveCfg = Release|Any CPU
		{36D03ED2-7BEB-4E72-95F1-DFA939D38E8D}.Release|Any CPU.Build.0 = Release|Any CPU
	EndGlobalSection
	GlobalSection(SolutionProperties) = preSolution
		HideSolutionNode = FALSE
	EndGlobalSection
	GlobalSection(ExtensibilityGlobals) = postSolution
		SolutionGuid = {FA082D3F-67AB-4839-907E-66D79D8382C5}
	EndGlobalSection
EndGlobal
